
Microsoft Visual Studio Solution File, Format Version 12.00
# Visual Studio Version 17
VisualStudioVersion = 17.0.31903.59
MinimumVisualStudioVersion = 10.0.40219.1
Project("{2150E333-8FDC-42A3-9474-1A3956D46DE8}") = "src", "src", "{827E0CD3-B72D-47B6-A68D-7590B98EB39B}"
EndProject
Project("{FAE04EC0-301F-11D3-BF4B-00C04F79EFBC}") = "SmartNotes.Core", "src\SmartNotes.Core\SmartNotes.Core.csproj", "{9C368911-0D35-47AE-87C6-352B822F19DB}"
EndProject
Project("{FAE04EC0-301F-11D3-BF4B-00C04F79EFBC}") = "SmartNotes.Data", "src\SmartNotes.Data\SmartNotes.Data.csproj", "{4A507AB5-2451-445C-B1FB-85EEE82668F0}"
EndProject
Project("{FAE04EC0-301F-11D3-BF4B-00C04F79EFBC}") = "SmartNotes.ViewModels", "src\SmartNotes.ViewModels\SmartNotes.ViewModels.csproj", "{D202D50C-7BFC-4438-884A-4B96ED5F269F}"
EndProject
Project("{FAE04EC0-301F-11D3-BF4B-00C04F79EFBC}") = "SmartNotes.App", "src\SmartNotes.App\SmartNotes.App.csproj", "{8C7FD326-FC2F-46BB-98DB-A7329AA65BDD}"
EndProject
Project("{2150E333-8FDC-42A3-9474-1A3956D46DE8}") = "tests", "tests", "{0AB3BF05-4346-4AA6-1389-037BE0695223}"
EndProject
Project("{FAE04EC0-301F-11D3-BF4B-00C04F79EFBC}") = "SmartNotes.Core.Tests", "tests\SmartNotes.Core.Tests\SmartNotes.Core.Tests.csproj", "{94FC3978-5FDB-4D8F-A21A-2668539509B3}"
EndProject
Project("{FAE04EC0-301F-11D3-BF4B-00C04F79EFBC}") = "SmartNotes.Data.Tests", "tests\SmartNotes.Data.Tests\SmartNotes.Data.Tests.csproj", "{2E540972-16EA-46A6-B0DA-164E66CA6AC7}"
EndProject
Project("{FAE04EC0-301F-11D3-BF4B-00C04F79EFBC}") = "SmartNotes.ViewModels.Tests", "tests\SmartNotes.ViewModels.Tests\SmartNotes.ViewModels.Tests.csproj", "{293D8902-0E26-4A1C-A77A-771C63F53CD9}"
EndProject
Project("{FAE04EC0-301F-11D3-BF4B-00C04F79EFBC}") = "SmartNotes.App.Tests", "tests\SmartNotes.App.Tests\SmartNotes.App.Tests.csproj", "{58D39C87-50D7-4F60-B04F-91A9D8E56F0C}"
EndProject
Global
	GlobalSection(SolutionConfigurationPlatforms) = preSolution
		Debug|Any CPU = Debug|Any CPU
		Debug|x64 = Debug|x64
		Debug|x86 = Debug|x86
		Release|Any CPU = Release|Any CPU
		Release|x64 = Release|x64
		Release|x86 = Release|x86
	EndGlobalSection
	GlobalSection(ProjectConfigurationPlatforms) = postSolution
		{9C368911-0D35-47AE-87C6-352B822F19DB}.Debug|Any CPU.ActiveCfg = Debug|Any CPU
		{9C368911-0D35-47AE-87C6-352B822F19DB}.Debug|Any CPU.Build.0 = Debug|Any CPU
		{9C368911-0D35-47AE-87C6-352B822F19DB}.Debug|x64.ActiveCfg = Debug|Any CPU
		{9C368911-0D35-47AE-87C6-352B822F19DB}.Debug|x64.Build.0 = Debug|Any CPU
		{9C368911-0D35-47AE-87C6-352B822F19DB}.Debug|x86.ActiveCfg = Debug|Any CPU
		{9C368911-0D35-47AE-87C6-352B822F19DB}.Debug|x86.Build.0 = Debug|Any CPU
		{9C368911-0D35-47AE-87C6-352B822F19DB}.Release|Any CPU.ActiveCfg = Release|Any CPU
		{9C368911-0D35-47AE-87C6-352B822F19DB}.Release|Any CPU.Build.0 = Release|Any CPU
		{9C368911-0D35-47AE-87C6-352B822F19DB}.Release|x64.ActiveCfg = Release|Any CPU
		{9C368911-0D35-47AE-87C6-352B822F19DB}.Release|x64.Build.0 = Release|Any CPU
		{9C368911-0D35-47AE-87C6-352B822F19DB}.Release|x86.ActiveCfg = Release|Any CPU
		{9C368911-0D35-47AE-87C6-352B822F19DB}.Release|x86.Build.0 = Release|Any CPU
		{4A507AB5-2451-445C-B1FB-85EEE82668F0}.Debug|Any CPU.ActiveCfg = Debug|Any CPU
		{4A507AB5-2451-445C-B1FB-85EEE82668F0}.Debug|Any CPU.Build.0 = Debug|Any CPU
		{4A507AB5-2451-445C-B1FB-85EEE82668F0}.Debug|x64.ActiveCfg = Debug|Any CPU
		{4A507AB5-2451-445C-B1FB-85EEE82668F0}.Debug|x64.Build.0 = Debug|Any CPU
		{4A507AB5-2451-445C-B1FB-85EEE82668F0}.Debug|x86.ActiveCfg = Debug|Any CPU
		{4A507AB5-2451-445C-B1FB-85EEE82668F0}.Debug|x86.Build.0 = Debug|Any CPU
		{4A507AB5-2451-445C-B1FB-85EEE82668F0}.Release|Any CPU.ActiveCfg = Release|Any CPU
		{4A507AB5-2451-445C-B1FB-85EEE82668F0}.Release|Any CPU.Build.0 = Release|Any CPU
		{4A507AB5-2451-445C-B1FB-85EEE82668F0}.Release|x64.ActiveCfg = Release|Any CPU
		{4A507AB5-2451-445C-B1FB-85EEE82668F0}.Release|x64.Build.0 = Release|Any CPU
		{4A507AB5-2451-445C-B1FB-85EEE82668F0}.Release|x86.ActiveCfg = Release|Any CPU
		{4A507AB5-2451-445C-B1FB-85EEE82668F0}.Release|x86.Build.0 = Release|Any CPU
		{D202D50C-7BFC-4438-884A-4B96ED5F269F}.Debug|Any CPU.ActiveCfg = Debug|Any CPU
		{D202D50C-7BFC-4438-884A-4B96ED5F269F}.Debug|Any CPU.Build.0 = Debug|Any CPU
		{D202D50C-7BFC-4438-884A-4B96ED5F269F}.Debug|x64.ActiveCfg = Debug|Any CPU
		{D202D50C-7BFC-4438-884A-4B96ED5F269F}.Debug|x64.Build.0 = Debug|Any CPU
		{D202D50C-7BFC-4438-884A-4B96ED5F269F}.Debug|x86.ActiveCfg = Debug|Any CPU
		{D202D50C-7BFC-4438-884A-4B96ED5F269F}.Debug|x86.Build.0 = Debug|Any CPU
		{D202D50C-7BFC-4438-884A-4B96ED5F269F}.Release|Any CPU.ActiveCfg = Release|Any CPU
		{D202D50C-7BFC-4438-884A-4B96ED5F269F}.Release|Any CPU.Build.0 = Release|Any CPU
		{D202D50C-7BFC-4438-884A-4B96ED5F269F}.Release|x64.ActiveCfg = Release|Any CPU
		{D202D50C-7BFC-4438-884A-4B96ED5F269F}.Release|x64.Build.0 = Release|Any CPU
		{D202D50C-7BFC-4438-884A-4B96ED5F269F}.Release|x86.ActiveCfg = Release|Any CPU
		{D202D50C-7BFC-4438-884A-4B96ED5F269F}.Release|x86.Build.0 = Release|Any CPU
		{8C7FD326-FC2F-46BB-98DB-A7329AA65BDD}.Debug|Any CPU.ActiveCfg = Debug|Any CPU
		{8C7FD326-FC2F-46BB-98DB-A7329AA65BDD}.Debug|Any CPU.Build.0 = Debug|Any CPU
		{8C7FD326-FC2F-46BB-98DB-A7329AA65BDD}.Debug|x64.ActiveCfg = Debug|Any CPU
		{8C7FD326-FC2F-46BB-98DB-A7329AA65BDD}.Debug|x64.Build.0 = Debug|Any CPU
		{8C7FD326-FC2F-46BB-98DB-A7329AA65BDD}.Debug|x86.ActiveCfg = Debug|Any CPU
		{8C7FD326-FC2F-46BB-98DB-A7329AA65BDD}.Debug|x86.Build.0 = Debug|Any CPU
		{8C7FD326-FC2F-46BB-98DB-A7329AA65BDD}.Release|Any CPU.ActiveCfg = Release|Any CPU
		{8C7FD326-FC2F-46BB-98DB-A7329AA65BDD}.Release|Any CPU.Build.0 = Release|Any CPU
		{8C7FD326-FC2F-46BB-98DB-A7329AA65BDD}.Release|x64.ActiveCfg = Release|Any CPU
		{8C7FD326-FC2F-46BB-98DB-A7329AA65BDD}.Release|x64.Build.0 = Release|Any CPU
		{8C7FD326-FC2F-46BB-98DB-A7329AA65BDD}.Release|x86.ActiveCfg = Release|Any CPU
		{8C7FD326-FC2F-46BB-98DB-A7329AA65BDD}.Release|x86.Build.0 = Release|Any CPU
		{94FC3978-5FDB-4D8F-A21A-2668539509B3}.Debug|Any CPU.ActiveCfg = Debug|Any CPU
		{94FC3978-5FDB-4D8F-A21A-2668539509B3}.Debug|Any CPU.Build.0 = Debug|Any CPU
		{94FC3978-5FDB-4D8F-A21A-2668539509B3}.Debug|x64.ActiveCfg = Debug|Any CPU
		{94FC3978-5FDB-4D8F-A21A-2668539509B3}.Debug|x64.Build.0 = Debug|Any CPU
		{94FC3978-5FDB-4D8F-A21A-2668539509B3}.Debug|x86.ActiveCfg = Debug|Any CPU
		{94FC3978-5FDB-4D8F-A21A-2668539509B3}.Debug|x86.Build.0 = Debug|Any CPU
		{94FC3978-5FDB-4D8F-A21A-2668539509B3}.Release|Any CPU.ActiveCfg = Release|Any CPU
		{94FC3978-5FDB-4D8F-A21A-2668539509B3}.Release|Any CPU.Build.0 = Release|Any CPU
		{94FC3978-5FDB-4D8F-A21A-2668539509B3}.Release|x64.ActiveCfg = Release|Any CPU
		{94FC3978-5FDB-4D8F-A21A-2668539509B3}.Release|x64.Build.0 = Release|Any CPU
		{94FC3978-5FDB-4D8F-A21A-2668539509B3}.Release|x86.ActiveCfg = Release|Any CPU
		{94FC3978-5FDB-4D8F-A21A-2668539509B3}.Release|x86.Build.0 = Release|Any CPU
		{2E540972-16EA-46A6-B0DA-164E66CA6AC7}.Debug|Any CPU.ActiveCfg = Debug|Any CPU
		{2E540972-16EA-46A6-B0DA-164E66CA6AC7}.Debug|Any CPU.Build.0 = Debug|Any CPU
		{2E540972-16EA-46A6-B0DA-164E66CA6AC7}.Debug|x64.ActiveCfg = Debug|Any CPU
		{2E540972-16EA-46A6-B0DA-164E66CA6AC7}.Debug|x64.Build.0 = Debug|Any CPU
		{2E540972-16EA-46A6-B0DA-164E66CA6AC7}.Debug|x86.ActiveCfg = Debug|Any CPU
		{2E540972-16EA-46A6-B0DA-164E66CA6AC7}.Debug|x86.Build.0 = Debug|Any CPU
		{2E540972-16EA-46A6-B0DA-164E66CA6AC7}.Release|Any CPU.ActiveCfg = Release|Any CPU
		{2E540972-16EA-46A6-B0DA-164E66CA6AC7}.Release|Any CPU.Build.0 = Release|Any CPU
		{2E540972-16EA-46A6-B0DA-164E66CA6AC7}.Release|x64.ActiveCfg = Release|Any CPU
		{2E540972-16EA-46A6-B0DA-164E66CA6AC7}.Release|x64.Build.0 = Release|Any CPU
		{2E540972-16EA-46A6-B0DA-164E66CA6AC7}.Release|x86.ActiveCfg = Release|Any CPU
		{2E540972-16EA-46A6-B0DA-164E66CA6AC7}.Release|x86.Build.0 = Release|Any CPU
		{293D8902-0E26-4A1C-A77A-771C63F53CD9}.Debug|Any CPU.ActiveCfg = Debug|Any CPU
		{293D8902-0E26-4A1C-A77A-771C63F53CD9}.Debug|Any CPU.Build.0 = Debug|Any CPU
		{293D8902-0E26-4A1C-A77A-771C63F53CD9}.Debug|x64.ActiveCfg = Debug|Any CPU
		{293D8902-0E26-4A1C-A77A-771C63F53CD9}.Debug|x64.Build.0 = Debug|Any CPU
		{293D8902-0E26-4A1C-A77A-771C63F53CD9}.Debug|x86.ActiveCfg = Debug|Any CPU
		{293D8902-0E26-4A1C-A77A-771C63F53CD9}.Debug|x86.Build.0 = Debug|Any CPU
		{293D8902-0E26-4A1C-A77A-771C63F53CD9}.Release|Any CPU.ActiveCfg = Release|Any CPU
		{293D8902-0E26-4A1C-A77A-771C63F53CD9}.Release|Any CPU.Build.0 = Release|Any CPU
		{293D8902-0E26-4A1C-A77A-771C63F53CD9}.Release|x64.ActiveCfg = Release|Any CPU
		{293D8902-0E26-4A1C-A77A-771C63F53CD9}.Release|x64.Build.0 = Release|Any CPU
		{293D8902-0E26-4A1C-A77A-771C63F53CD9}.Release|x86.ActiveCfg = Release|Any CPU
		{293D8902-0E26-4A1C-A77A-771C63F53CD9}.Release|x86.Build.0 = Release|Any CPU
		{58D39C87-50D7-4F60-B04F-91A9D8E56F0C}.Debug|Any CPU.ActiveCfg = Debug|Any CPU
		{58D39C87-50D7-4F60-B04F-91A9D8E56F0C}.Debug|Any CPU.Build.0 = Debug|Any CPU
		{58D39C87-50D7-4F60-B04F-91A9D8E56F0C}.Debug|x64.ActiveCfg = Debug|Any CPU
		{58D39C87-50D7-4F60-B04F-91A9D8E56F0C}.Debug|x64.Build.0 = Debug|Any CPU
		{58D39C87-50D7-4F60-B04F-91A9D8E56F0C}.Debug|x86.ActiveCfg = Debug|Any CPU
		{58D39C87-50D7-4F60-B04F-91A9D8E56F0C}.Debug|x86.Build.0 = Debug|Any CPU
		{58D39C87-50D7-4F60-B04F-91A9D8E56F0C}.Release|Any CPU.ActiveCfg = Release|Any CPU
		{58D39C87-50D7-4F60-B04F-91A9D8E56F0C}.Release|Any CPU.Build.0 = Release|Any CPU
		{58D39C87-50D7-4F60-B04F-91A9D8E56F0C}.Release|x64.ActiveCfg = Release|Any CPU
		{58D39C87-50D7-4F60-B04F-91A9D8E56F0C}.Release|x64.Build.0 = Release|Any CPU
		{58D39C87-50D7-4F60-B04F-91A9D8E56F0C}.Release|x86.ActiveCfg = Release|Any CPU
		{58D39C87-50D7-4F60-B04F-91A9D8E56F0C}.Release|x86.Build.0 = Release|Any CPU
	EndGlobalSection
	GlobalSection(SolutionProperties) = preSolution
		HideSolutionNode = FALSE
	EndGlobalSection
	GlobalSection(NestedProjects) = preSolution
		{9C368911-0D35-47AE-87C6-352B822F19DB} = {827E0CD3-B72D-47B6-A68D-7590B98EB39B}
		{4A507AB5-2451-445C-B1FB-85EEE82668F0} = {827E0CD3-B72D-47B6-A68D-7590B98EB39B}
		{D202D50C-7BFC-4438-884A-4B96ED5F269F} = {827E0CD3-B72D-47B6-A68D-7590B98EB39B}
		{8C7FD326-FC2F-46BB-98DB-A7329AA65BDD} = {827E0CD3-B72D-47B6-A68D-7590B98EB39B}
		{94FC3978-5FDB-4D8F-A21A-2668539509B3} = {0AB3BF05-4346-4AA6-1389-037BE0695223}
		{2E540972-16EA-46A6-B0DA-164E66CA6AC7} = {0AB3BF05-4346-4AA6-1389-037BE0695223}
		{293D8902-0E26-4A1C-A77A-771C63F53CD9} = {0AB3BF05-4346-4AA6-1389-037BE0695223}
		{58D39C87-50D7-4F60-B04F-91A9D8E56F0C} = {0AB3BF05-4346-4AA6-1389-037BE0695223}
	EndGlobalSection
EndGlobal
